
Microsoft Visual Studio Solution File, Format Version 12.00
# Visual Studio Version 16
VisualStudioVersion = 16.0.32407.337
MinimumVisualStudioVersion = 10.0.40219.1
Project("{FAE04EC0-301F-11D3-BF4B-00C04F79EFBC}") = "NewsletterAppMVC", "NewsletterAppMVC\NewsletterAppMVC.csproj", "{37C62D03-2091-4439-AA61-3A9542C8BDFA}"
EndProject
Global
	GlobalSection(SolutionConfigurationPlatforms) = preSolution
		Debug|Any CPU = Debug|Any CPU
		Release|Any CPU = Release|Any CPU
	EndGlobalSection
	GlobalSection(ProjectConfigurationPlatforms) = postSolution
		{37C62D03-2091-4439-AA61-3A9542C8BDFA}.Debug|Any CPU.ActiveCfg = Debug|Any CPU
		{37C62D03-2091-4439-AA61-3A9542C8BDFA}.Debug|Any CPU.Build.0 = Debug|Any CPU
		{37C62D03-2091-4439-AA61-3A9542C8BDFA}.Release|Any CPU.ActiveCfg = Release|Any CPU
		{37C62D03-2091-4439-AA61-3A9542C8BDFA}.Release|Any CPU.Build.0 = Release|Any CPU
	EndGlobalSection
	GlobalSection(SolutionProperties) = preSolution
		HideSolutionNode = FALSE
	EndGlobalSection
	GlobalSection(ExtensibilityGlobals) = postSolution
		SolutionGuid = {A2E725CB-9085-4122-89E7-6B46BD1F3345}
	EndGlobalSection
EndGlobal
