
Microsoft Visual Studio Solution File, Format Version 12.00
# Visual Studio Version 16
VisualStudioVersion = 16.0.32407.337
MinimumVisualStudioVersion = 10.0.40219.1
Project("{FAE04EC0-301F-11D3-BF4B-00C04F79EFBC}") = "MethodAssignment", "MethodAssignment\MethodAssignment.csproj", "{5A5490F2-4126-4934-B8C2-5474F3C85EF9}"
EndProject
Global
	GlobalSection(SolutionConfigurationPlatforms) = preSolution
		Debug|Any CPU = Debug|Any CPU
		Release|Any CPU = Release|Any CPU
	EndGlobalSection
	GlobalSection(ProjectConfigurationPlatforms) = postSolution
		{5A5490F2-4126-4934-B8C2-5474F3C85EF9}.Debug|Any CPU.ActiveCfg = Debug|Any CPU
		{5A5490F2-4126-4934-B8C2-5474F3C85EF9}.Debug|Any CPU.Build.0 = Debug|Any CPU
		{5A5490F2-4126-4934-B8C2-5474F3C85EF9}.Release|Any CPU.ActiveCfg = Release|Any CPU
		{5A5490F2-4126-4934-B8C2-5474F3C85EF9}.Release|Any CPU.Build.0 = Release|Any CPU
	EndGlobalSection
	GlobalSection(SolutionProperties) = preSolution
		HideSolutionNode = FALSE
	EndGlobalSection
	GlobalSection(ExtensibilityGlobals) = postSolution
		SolutionGuid = {CBF1B004-814A-41E4-8E99-39F187186127}
	EndGlobalSection
EndGlobal
